schema: '2.0'
stages:
  load_data:
    cmd: python src/load_data.py --config=params.yaml
    deps:
    - path: data_given/seeds.csv
      md5: 310a78ab079aa5ac71a476952ff9ddfc
      size: 9125
    - path: src/get_data.py
      md5: db7730736da9e3274083bc90eccf7000
      size: 682
    - path: src/load_data.py
      md5: bf9ea6e0fcd2ef3899ba4c7d8292dec1
      size: 666
    outs:
    - path: data/raw/seeds.csv
      md5: 310a78ab079aa5ac71a476952ff9ddfc
      size: 9125
  split_data:
    cmd: python src/split_data.py --config=params.yaml
    deps:
    - path: data/raw/seeds.csv
      md5: 310a78ab079aa5ac71a476952ff9ddfc
      size: 9125
    - path: src/split_data.py
      md5: d0b79a27bd3db7325015bcec9ce3f589
      size: 1099
    outs:
    - path: data/processed/test_seeds.csv
      md5: 4ec48678b6e54f975f85d537e33fb13c
      size: 1907
    - path: data/processed/train_seeds.csv
      md5: aa8a4254ba9ed915c061ab241f65f24d
      size: 7308
  train_and_evaluate:
    cmd: python src/train_and_evaluate.py --config=params.yaml
    deps:
    - path: data/processed/test_seeds.csv
      md5: 4ec48678b6e54f975f85d537e33fb13c
      size: 1907
    - path: data/processed/train_seeds.csv
      md5: aa8a4254ba9ed915c061ab241f65f24d
      size: 7308
    - path: src/train_and_evaluate.py
      md5: 6f4add34d08b4be577c4cf184b004cf1
      size: 2673
    params:
      params.yaml:
        estimators.ElasticNet.params.alpha: 0.9
        estimators.ElasticNet.params.l1_ratio: 0.4
    outs:
    - path: report/params.json
      md5: a4aab0167612f21a6085dd05cfafdbf6
      size: 44
    - path: report/scores.json
      md5: 9655bcc8393cc22fb47815e459cbb76e
      size: 100
    - path: saved_models/model.joblib
      md5: 6b640315c15bdd6baad0b350b78f08db
      size: 1117
